
Microsoft Visual Studio Solution File, Format Version 12.00
# Visual Studio Version 17
VisualStudioVersion = 17.4.33213.308
MinimumVisualStudioVersion = 10.0.40219.1
Project("{9A19103F-16F7-4668-BE54-9A1E7A4F7556}") = "FinalProjectLobby", "FinalProjectLobby\FinalProjectLobby.csproj", "{5BF38806-C93E-4F08-ADAF-C21F5E341631}"
EndProject
Project("{FAE04EC0-301F-11D3-BF4B-00C04F79EFBC}") = "DeployServer", "DeployServer\DeployServer.csproj", "{E54A8516-72CB-470D-B7D3-4CF9C09FDC3D}"
EndProject
Global
	GlobalSection(SolutionConfigurationPlatforms) = preSolution
		Debug|Any CPU = Debug|Any CPU
		Release|Any CPU = Release|Any CPU
	EndGlobalSection
	GlobalSection(ProjectConfigurationPlatforms) = postSolution
		{5BF38806-C93E-4F08-ADAF-C21F5E341631}.Debug|Any CPU.ActiveCfg = Debug|Any CPU
		{5BF38806-C93E-4F08-ADAF-C21F5E341631}.Debug|Any CPU.Build.0 = Debug|Any CPU
		{5BF38806-C93E-4F08-ADAF-C21F5E341631}.Release|Any CPU.ActiveCfg = Release|Any CPU
		{5BF38806-C93E-4F08-ADAF-C21F5E341631}.Release|Any CPU.Build.0 = Release|Any CPU
		{E54A8516-72CB-470D-B7D3-4CF9C09FDC3D}.Debug|Any CPU.ActiveCfg = Debug|Any CPU
		{E54A8516-72CB-470D-B7D3-4CF9C09FDC3D}.Debug|Any CPU.Build.0 = Debug|Any CPU
		{E54A8516-72CB-470D-B7D3-4CF9C09FDC3D}.Release|Any CPU.ActiveCfg = Release|Any CPU
		{E54A8516-72CB-470D-B7D3-4CF9C09FDC3D}.Release|Any CPU.Build.0 = Release|Any CPU
	EndGlobalSection
	GlobalSection(SolutionProperties) = preSolution
		HideSolutionNode = FALSE
	EndGlobalSection
	GlobalSection(ExtensibilityGlobals) = postSolution
		SolutionGuid = {586A2438-0197-49DD-AD1F-2D757507C0CB}
	EndGlobalSection
EndGlobal
